// !$*UTF8*$!
{
	archiveVersion = 1;
	classes = {
	};
	objectVersion = 46;
	objects = {

/* Begin PBXBuildFile section */
		7034DF061D7A20CE001EA74D /* AppDelegate.swift in Sources */ = {isa = PBXBuildFile; fileRef = 7034DF051D7A20CE001EA74D /* AppDelegate.swift */; };
		7034DF081D7A20CE001EA74D /* ViewController.swift in Sources */ = {isa = PBXBuildFile; fileRef = 7034DF071D7A20CE001EA74D /* ViewController.swift */; };
		7034DF0B1D7A20CE001EA74D /* Main.storyboard in Resources */ = {isa = PBXBuildFile; fileRef = 7034DF091D7A20CE001EA74D /* Main.storyboard */; };
		7034DF0D1D7A20CE001EA74D /* Assets.xcassets in Resources */ = {isa = PBXBuildFile; fileRef = 7034DF0C1D7A20CE001EA74D /* Assets.xcassets */; };
		7034DF101D7A20CE001EA74D /* LaunchScreen.storyboard in Resources */ = {isa = PBXBuildFile; fileRef = 7034DF0E1D7A20CE001EA74D /* LaunchScreen.storyboard */; };
/* End PBXBuildFile section */

/* Begin PBXFileReference section */
		7034DF021D7A20CE001EA74D /* SwiftCookbook.app */ = {isa = PBXFileReference; explicitFileType = wrapper.application; includeInIndex = 0; path = SwiftCookbook.app; sourceTree = BUILT_PRODUCTS_DIR; };
		7034DF051D7A20CE001EA74D /* AppDelegate.swift */ = {isa = PBXFileReference; lastKnownFileType = sourcecode.swift; path = AppDelegate.swift; sourceTree = "<group>"; };
		7034DF071D7A20CE001EA74D /* ViewController.swift */ = {isa = PBXFileReference; lastKnownFileType = sourcecode.swift; path = ViewController.swift; sourceTree = "<group>"; };
		7034DF0A1D7A20CE001EA74D /* Base */ = {isa = PBXFileReference; lastKnownFileType = file.storyboard; name = Base; path = Base.lproj/Main.storyboard; sourceTree = "<group>"; };
		7034DF0C1D7A20CE001EA74D /* Assets.xcassets */ = {isa = PBXFileReference; lastKnownFileType = folder.assetcatalog; path = Assets.xcassets; sourceTree = "<group>"; };
		7034DF0F1D7A20CE001EA74D /* Base */ = {isa = PBXFileReference; lastKnownFileType = file.storyboard; name = Base; path = Base.lproj/LaunchScreen.storyboard; sourceTree = "<group>"; };
		7034DF111D7A20CE001EA74D /* Info.plist */ = {isa = PBXFileReference; lastKnownFileType = text.plist.xml; path = Info.plist; sourceTree = "<group>"; };
/* End PBXFileReference section */

/* Begin PBXFrameworksBuildPhase section */
		7034DEFF1D7A20CE001EA74D /* Frameworks */ = {
			isa = PBXFrameworksBuildPhase;
			buildActionMask = 2147483647;
			files = (
			);
			runOnlyForDeploymentPostprocessing = 0;
		};
/* End PBXFrameworksBuildPhase section */

/* Begin PBXGroup section */
		7034DEF91D7A20CE001EA74D = {
			isa = PBXGroup;
			children = (
				7034DF041D7A20CE001EA74D /* SwiftCookbook */,
				7034DF031D7A20CE001EA74D /* Products */,
			);
			sourceTree = "<group>";
		};
		7034DF031D7A20CE001EA74D /* Products */ = {
			isa = PBXGroup;
			children = (
				7034DF021D7A20CE001EA74D /* SwiftCookbook.app */,
			);
			name = Products;
			sourceTree = "<group>";
		};
		7034DF041D7A20CE001EA74D /* SwiftCookbook */ = {
			isa = PBXGroup;
			children = (
				7034DF051D7A20CE001EA74D /* AppDelegate.swift */,
				7034DF071D7A20CE001EA74D /* ViewController.swift */,
				7034DF091D7A20CE001EA74D /* Main.storyboard */,
				7034DF0C1D7A20CE001EA74D /* Assets.xcassets */,
				7034DF0E1D7A20CE001EA74D /* LaunchScreen.storyboard */,
				7034DF111D7A20CE001EA74D /* Info.plist */,
			);
			path = SwiftCookbook;
			sourceTree = "<group>";
		};
/* End PBXGroup section */

/* Begin PBXNativeTarget section */
		7034DF011D7A20CE001EA74D /* SwiftCookbook */ = {
			isa = PBXNativeTarget;
			buildConfigurationList = 7034DF141D7A20CE001EA74D /* Build configuration list for PBXNativeTarget "SwiftCookbook" */;
			buildPhases = (
				7034DEFE1D7A20CE001EA74D /* Sources */,
				7034DEFF1D7A20CE001EA74D /* Frameworks */,
				7034DF001D7A20CE001EA74D /* Resources */,
			);
			buildRules = (
			);
			dependencies = (
			);
			name = SwiftCookbook;
			productName = SwiftCookbook;
			productReference = 7034DF021D7A20CE001EA74D /* SwiftCookbook.app */;
			productType = "com.apple.product-type.application";
		};
/* End PBXNativeTarget section */

/* Begin PBXProject section */
		7034DEFA1D7A20CE001EA74D /* Project object */ = {
			isa = PBXProject;
			attributes = {
				LastSwiftUpdateCheck = 0800;
				LastUpgradeCheck = 0800;
				ORGANIZATIONNAME = claybear39;
				TargetAttributes = {
					7034DF011D7A20CE001EA74D = {
						CreatedOnToolsVersion = 8.0;
						DevelopmentTeam = Q4JQRFEL63;
						ProvisioningStyle = Automatic;
					};
				};
			};
			buildConfigurationList = 7034DEFD1D7A20CE001EA74D /* Build configuration list for PBXProject "SwiftCookbook" */;
			compatibilityVersion = "Xcode 3.2";
			developmentRegion = English;
			hasScannedForEncodings = 0;
			knownRegions = (
				en,
				Base,
			);
			mainGroup = 7034DEF91D7A20CE001EA74D;
			productRefGroup = 7034DF031D7A20CE001EA74D /* Products */;
			projectDirPath = "";
			projectRoot = "";
			targets = (
				7034DF011D7A20CE001EA74D /* SwiftCookbook */,
			);
		};
/* End PBXProject section */

/* Begin PBXResourcesBuildPhase section */
		7034DF001D7A20CE001EA74D /* Resources */ = {
			isa = PBXResourcesBuildPhase;
			buildActionMask = 2147483647;
			files = (
				7034DF101D7A20CE001EA74D /* LaunchScreen.storyboard in Resources */,
				7034DF0D1D7A20CE001EA74D /* Assets.xcassets in Resources */,
				7034DF0B1D7A20CE001EA74D /* Main.storyboard in Resources */,
			);
			runOnlyForDeploymentPostprocessing = 0;
		};
/* End PBXResourcesBuildPhase section */

/* Begin PBXSourcesBuildPhase section */
		7034DEFE1D7A20CE001EA74D /* Sources */ = {
			isa = PBXSourcesBuildPhase;
			buildActionMask = 2147483647;
			files = (
				7034DF081D7A20CE001EA74D /* ViewController.swift in Sources */,
				7034DF061D7A20CE001EA74D /* AppDelegate.swift in Sources */,
			);
			runOnlyForDeploymentPostprocessing = 0;
		};
/* End PBXSourcesBuildPhase section */

/* Begin PBXVariantGroup section */
		7034DF091D7A20CE001EA74D /* Main.storyboard */ = {
			isa = PBXVariantGroup;
			children = (
				7034DF0A1D7A20CE001EA74D /* Base */,
			);
			name = Main.storyboard;
			sourceTree = "<group>";
		};
		7034DF0E1D7A20CE001EA74D /* LaunchScreen.storyboard */ = {
			isa = PBXVariantGroup;
			children = (
				7034DF0F1D7A20CE001EA74D /* Base */,
			);
			name = LaunchScreen.storyboard;
			sourceTree = "<group>";
		};
/* End PBXVariantGroup section */

/* Begin XCBuildConfiguration section */
		7034DF121D7A20CE001EA74D /* Debug */ = {
			isa = XCBuildConfiguration;
			buildSettings = {
				ALWAYS_SEARCH_USER_PATHS = NO;
				CLANG_ANALYZER_NONNULL = YES;
				CLANG_CXX_LANGUAGE_STANDARD = "gnu++0x";
				CLANG_CXX_LIBRARY = "libc++";
				CLANG_ENABLE_MODULES = YES;
				CLANG_ENABLE_OBJC_ARC = YES;
				CLANG_WARN_BOOL_CONVERSION = YES;
				CLANG_WARN_CONSTANT_CONVERSION = YES;
				CLANG_WARN_DIRECT_OBJC_ISA_USAGE = YES_ERROR;
				CLANG_WARN_DOCUMENTATION_COMMENTS = YES;
				CLANG_WARN_EMPTY_BODY = YES;
				CLANG_WARN_ENUM_CONVERSION = YES;
				CLANG_WARN_INFINITE_RECURSION = YES;
				CLANG_WARN_INT_CONVERSION = YES;
				CLANG_WARN_OBJC_ROOT_CLASS = YES_ERROR;
				CLANG_WARN_SUSPICIOUS_MOVES = YES;
				CLANG_WARN_UNREACHABLE_CODE = YES;
				CLANG_WARN__DUPLICATE_METHOD_MATCH = YES;
				"CODE_SIGN_IDENTITY[sdk=iphoneos*]" = "iPhone Developer";
				COPY_PHASE_STRIP = NO;
				DEBUG_INFORMATION_FORMAT = dwarf;
				ENABLE_STRICT_OBJC_MSGSEND = YES;
				ENABLE_TESTABILITY = YES;
				GCC_C_LANGUAGE_STANDARD = gnu99;
				GCC_DYNAMIC_NO_PIC = NO;
				GCC_NO_COMMON_BLOCKS = YES;
				GCC_OPTIMIZATION_LEVEL = 0;
				GCC_PREPROCESSOR_DEFINITIONS = (
					"DEBUG=1",
					"$(inherited)",
				);
				GCC_WARN_64_TO_32_BIT_CONVERSION = YES;
				GCC_WARN_ABOUT_RETURN_TYPE = YES_ERROR;
				GCC_WARN_UNDECLARED_SELECTOR = YES;
				GCC_WARN_UNINITIALIZED_AUTOS = YES_AGGRESSIVE;
				GCC_WARN_UNUSED_FUNCTION = YES;
				GCC_WARN_UNUSED_VARIABLE = YES;
				IPHONEOS_DEPLOYMENT_TARGET = 10.0;
				MTL_ENABLE_DEBUG_INFO = YES;
				ONLY_ACTIVE_ARCH = YES;
				SDKROOT = iphoneos;
				SWIFT_ACTIVE_COMPILATION_CONDITIONS = DEBUG;
				SWIFT_OPTIMIZATION_LEVEL = "-Onone";
				TARGETED_DEVICE_FAMILY = "1,2";
			};
			name = Debug;
		};
		7034DF131D7A20CE001EA74D /* Release */ = {
			isa = XCBuildConfiguration;
			buildSettings = {
				ALWAYS_SEARCH_USER_PATHS = NO;
				CLANG_ANALYZER_NONNULL = YES;
				CLANG_CXX_LANGUAGE_STANDARD = "gnu++0x";
				CLANG_CXX_LIBRARY = "libc++";
				CLANG_ENABLE_MODULES = YES;
				CLANG_ENABLE_OBJC_ARC = YES;
				CLANG_WARN_BOOL_CONVERSION = YES;
				CLANG_WARN_CONSTANT_CONVERSION = YES;
				CLANG_WARN_DIRECT_OBJC_ISA_USAGE = YES_ERROR;
				CLANG_WARN_DOCUMENTATION_COMMENTS = YES;
				CLANG_WARN_EMPTY_BODY = YES;
				CLANG_WARN_ENUM_CONVERSION = YES;
				CLANG_WARN_INFINITE_RECURSION = YES;
				CLANG_WARN_INT_CONVERSION = YES;
				CLANG_WARN_OBJC_ROOT_CLASS = YES_ERROR;
				CLANG_WARN_SUSPICIOUS_MOVES = YES;
				CLANG_WARN_UNREACHABLE_CODE = YES;
				CLANG_WARN__DUPLICATE_METHOD_MATCH = YES;
				"CODE_SIGN_IDENTITY[sdk=iphoneos*]" = "iPhone Developer";
				COPY_PHASE_STRIP = NO;
				DEBUG_INFORMATION_FORMAT = "dwarf-with-dsym";
				ENABLE_NS_ASSERTIONS = NO;
				ENABLE_STRICT_OBJC_MSGSEND = YES;
				GCC_C_LANGUAGE_STANDARD = gnu99;
				GCC_NO_COMMON_BLOCKS = YES;
				GCC_WARN_64_TO_32_BIT_CONVERSION = YES;
				GCC_WARN_ABOUT_RETURN_TYPE = YES_ERROR;
				GCC_WARN_UNDECLARED_SELECTOR = YES;
				GCC_WARN_UNINITIALIZED_AUTOS = YES_AGGRESSIVE;
				GCC_WARN_UNUSED_FUNCTION = YES;
				GCC_WARN_UNUSED_VARIABLE = YES;
				IPHONEOS_DEPLOYMENT_TARGET = 10.0;
				MTL_ENABLE_DEBUG_INFO = NO;
				SDKROOT = iphoneos;
				SWIFT_OPTIMIZATION_LEVEL = "-Owholemodule";
				TARGETED_DEVICE_FAMILY = "1,2";
				VALIDATE_PRODUCT = YES;
			};
			name = Release;
		};
		7034DF151D7A20CE001EA74D /* Debug */ = {
			isa = XCBuildConfiguration;
			buildSettings = {
				ASSETCATALOG_COMPILER_APPICON_NAME = AppIcon;
				DEVELOPMENT_TEAM = Q4JQRFEL63;
				INFOPLIST_FILE = SwiftCookbook/Info.plist;
				LD_RUNPATH_SEARCH_PATHS = "$(inherited) @executable_path/Frameworks";
				PRODUCT_BUNDLE_IDENTIFIER = Claybear39.SwiftCookbook;
				PRODUCT_NAME = "$(TARGET_NAME)";
				SWIFT_VERSION = 3.0;
			};
			name = Debug;
		};
		7034DF161D7A20CE001EA74D /* Release */ = {
			isa = XCBuildConfiguration;
			buildSettings = {
				ASSETCATALOG_COMPILER_APPICON_NAME = AppIcon;
				DEVELOPMENT_TEAM = Q4JQRFEL63;
				INFOPLIST_FILE = SwiftCookbook/Info.plist;
				LD_RUNPATH_SEARCH_PATHS = "$(inherited) @executable_path/Frameworks";
				PRODUCT_BUNDLE_IDENTIFIER = Claybear39.SwiftCookbook;
				PRODUCT_NAME = "$(TARGET_NAME)";
				SWIFT_VERSION = 3.0;
			};
			name = Release;
		};
/* End XCBuildConfiguration section */

/* Begin XCConfigurationList section */
		7034DEFD1D7A20CE001EA74D /* Build configuration list for PBXProject "SwiftCookbook" */ = {
			isa = XCConfigurationList;
			buildConfigurations = (
				7034DF121D7A20CE001EA74D /* Debug */,
				7034DF131D7A20CE001EA74D /* Release */,
			);
			defaultConfigurationIsVisible = 0;
			defaultConfigurationName = Release;
		};
		7034DF141D7A20CE001EA74D /* Build configuration list for PBXNativeTarget "SwiftCookbook" */ = {
			isa = XCConfigurationList;
			buildConfigurations = (
				7034DF151D7A20CE001EA74D /* Debug */,
				7034DF161D7A20CE001EA74D /* Release */,
			);
			defaultConfigurationIsVisible = 0;
		};
/* End XCConfigurationList section */
	};
	rootObject = 7034DEFA1D7A20CE001EA74D /* Project object */;
}
